<?xml version="1.0" encoding="utf-8"?>
<Project ToolsVersion="4.0" xmlns="http://schemas.microsoft.com/developer/msbuild/2003">
  <ItemGroup>
    <Filter Include="Demo"><UniqueIdentifier>{4FC737F1-C7A5-4376-A066-2A32D752A2FF}</UniqueIdentifier></Filter>
    <Filter Include="Assets"><UniqueIdentifier>{5BC6C92A-EF18-4124-9B5D-10BA3EB84E0B}</UniqueIdentifier></Filter>
    <Filter Include="Assets\Icon"><UniqueIdentifier>{6822F260-7E96-4B6D-A14F-292C442C58A3}</UniqueIdentifier></Filter>
    <Filter Include="Assets\Textures"><UniqueIdentifier>{B067AE92-0878-4677-8F8B-FED542F125EC}</UniqueIdentifier></Filter>
    <Filter Include="Assets\Models"><UniqueIdentifier>{6C80E3AA-11C8-468A-879B-8C0AF4582B8C}</UniqueIdentifier></Filter>
    <Filter Include="Tools"><UniqueIdentifier>{30E9946E-50A2-4705-89B4-18F98D330A78}</UniqueIdentifier></Filter>
    <Filter Include="Tools\AssetPipeline"><UniqueIdentifier>{2C8DB37B-0D6C-4F8C-B9C5-62C017F6AFEF}</UniqueIdentifier></Filter>
    <Filter Include="WinResources"><UniqueIdentifier>{67DA6AB6-F800-4C08-8B7A-83BB121AAD01}</UniqueIdentifier></Filter>
  </ItemGroup>
  <ItemGroup>
    <ClCompile Include="Demo\main.cpp"><Filter>Demo</Filter></ClCompile>
  </ItemGroup>
  <ItemGroup>
    <ClInclude Include="..\Examples\DemoScene.h"><Filter>Demo</Filter></ClInclude>
    <ClInclude Include="WinResources\resource.h"><Filter>WinResources</Filter></ClInclude>
  </ItemGroup>
  <ItemGroup>
    <Image Include="..\Resources\Icon\Render.ico"><Filter>Assets\Icon</Filter></Image>
    <Image Include="..\Resources\Textures\brick_depth.dds"><Filter>Assets\Textures</Filter></Image>
    <Image Include="..\Resources\Textures\brick_normal.dds"><Filter>Assets\Textures</Filter></Image>
    <Image Include="..\Resources\Textures\bricks.dds"><Filter>Assets\Textures</Filter></Image>
    <Image Include="..\Resources\Textures\default_depth.dds"><Filter>Assets\Textures</Filter></Image>
    <Image Include="..\Resources\Textures\default_normal.dds"><Filter>Assets\Textures</Filter></Image>
    <Image Include="..\Resources\Textures\floor.dds"><Filter>Assets\Textures</Filter></Image>
    <Image Include="..\Resources\Textures\floor_depth.dds"><Filter>Assets\Textures</Filter></Image>
    <Image Include="..\Resources\Textures\floor_normal.dds"><Filter>Assets\Textures</Filter></Image>
    <Image Include="..\Resources\Textures\snow_skycube.dds"><Filter>Assets\Textures</Filter></Image>
    <Image Include="..\Resources\Textures\stone.dds"><Filter>Assets\Textures</Filter></Image>
    <Image Include="..\Resources\Textures\water.dds"><Filter>Assets\Textures</Filter></Image>
    <Image Include="..\Resources\Textures\wave.dds"><Filter>Assets\Textures</Filter></Image>
    <Image Include="..\Resources\Textures\wood.dds"><Filter>Assets\Textures</Filter></Image>
  </ItemGroup>
  <ItemGroup>
    <None Include="..\Examples\ExternalWindowDemo.cpp"><Filter>Demo</Filter></None>
    <None Include="..\Resources\Models\Nailong.obj"><Filter>Assets\Models</Filter></None>
    <None Include="..\Resources\Textures\normalToDepth.py"><Filter>Tools\AssetPipeline</Filter></None>
    <None Include="..\Resources\Textures\pngTodds.py"><Filter>Tools\AssetPipeline</Filter></None>
    <None Include="..\Resources\Textures\texconv.exe"><Filter>Tools\AssetPipeline</Filter></None>
  </ItemGroup>
  <ItemGroup>
    <Text Include="..\Resources\Models\skull.txt"><Filter>Assets\Models</Filter></Text>
  </ItemGroup>
  <ItemGroup>
    <ResourceCompile Include="WinResources\Mayohoshi-Render.rc"><Filter>WinResources</Filter></ResourceCompile>
  </ItemGroup>
</Project>
