<?xml version="1.0" encoding="utf-8"?>
<Project ToolsVersion="4.0" xmlns="http://schemas.microsoft.com/developer/msbuild/2003">
  <ItemGroup>
    <Filter Include="源文件">
      <UniqueIdentifier>{4FC737F1-C7A5-4376-A066-2A32D752A2FF}</UniqueIdentifier>
      <Extensions>cpp;c;cc;cxx;c++;cppm;ixx;def;odl;idl;hpj;bat;asm;asmx</Extensions>
    </Filter>
    <Filter Include="头文件">
      <UniqueIdentifier>{93995380-89BD-4b04-88EB-625FBE52EBFB}</UniqueIdentifier>
      <Extensions>h;hh;hpp;hxx;h++;hm;inl;inc;ipp;xsd</Extensions>
    </Filter>
    <Filter Include="资源文件">
      <UniqueIdentifier>{67DA6AB6-F800-4c08-8B7A-83BB121AAD01}</UniqueIdentifier>
      <Extensions>rc;ico;cur;bmp;dlg;rc2;rct;bin;rgs;gif;jpg;jpeg;jpe;resx;tiff;tif;png;wav;mfcribbon-ms</Extensions>
    </Filter>
    <Filter Include="Shaders">
      <UniqueIdentifier>{5e20a794-8b40-4478-8e7d-69ec09b302a6}</UniqueIdentifier>
    </Filter>
    <Filter Include="Resources">
      <UniqueIdentifier>{e9058bf9-d078-4dd4-b9e4-f5e778f5a94d}</UniqueIdentifier>
    </Filter>
    <Filter Include="Resources\Textures">
      <UniqueIdentifier>{b067ae92-0878-4677-8f8b-fed542f125ec}</UniqueIdentifier>
    </Filter>
    <Filter Include="Resources\Models">
      <UniqueIdentifier>{6c80e3aa-11c8-468a-879b-8c0af4582b8c}</UniqueIdentifier>
    </Filter>
  </ItemGroup>
  <ItemGroup>
    <ClCompile Include="main.cpp">
      <Filter>源文件</Filter>
    </ClCompile>
    <ClCompile Include="DxApp.cpp">
      <Filter>源文件</Filter>
    </ClCompile>
    <ClCompile Include="RenderApp.cpp">
      <Filter>源文件</Filter>
    </ClCompile>
    <ClCompile Include="GameTimer.cpp">
      <Filter>源文件</Filter>
    </ClCompile>
    <ClCompile Include="DxUtil.cpp">
      <Filter>源文件</Filter>
    </ClCompile>
    <ClCompile Include="FrameResource.cpp">
      <Filter>源文件</Filter>
    </ClCompile>
    <ClCompile Include="GeometryGenerator.cpp">
      <Filter>源文件</Filter>
    </ClCompile>
    <ClCompile Include="DDSTextureLoader.h">
      <Filter>头文件</Filter>
    </ClCompile>
    <ClCompile Include="DDSTextureLoader.cpp">
      <Filter>源文件</Filter>
    </ClCompile>
    <ClCompile Include="Camera.cpp">
      <Filter>源文件</Filter>
    </ClCompile>
    <ClCompile Include="WindowsManager.h">
      <Filter>头文件</Filter>
    </ClCompile>
    <ClCompile Include="WindowsManager.cpp">
      <Filter>源文件</Filter>
    </ClCompile>
    <ClCompile Include="MotionParam.h">
      <Filter>头文件</Filter>
    </ClCompile>
    <ClCompile Include="DxTools.cpp">
      <Filter>源文件</Filter>
    </ClCompile>
    <ClCompile Include="PipelineResourceManager.cpp">
      <Filter>源文件</Filter>
    </ClCompile>
    <ClCompile Include="GraphicsDeviceManager.cpp">
      <Filter>源文件</Filter>
    </ClCompile>
    <ClCompile Include="RenderSceneManager.cpp">
      <Filter>源文件</Filter>
    </ClCompile>
    <ClCompile Include="RenderResourceManager.cpp">
      <Filter>源文件</Filter>
    </ClCompile>
  </ItemGroup>
  <ItemGroup>
    <ClInclude Include="DxApp.h">
      <Filter>头文件</Filter>
    </ClInclude>
    <ClInclude Include="RenderApp.h">
      <Filter>头文件</Filter>
    </ClInclude>
    <ClInclude Include="DxUtil.h">
      <Filter>头文件</Filter>
    </ClInclude>
    <ClInclude Include="d3dx12.h">
      <Filter>头文件</Filter>
    </ClInclude>
    <ClInclude Include="GameTimer.h">
      <Filter>头文件</Filter>
    </ClInclude>
    <ClInclude Include="UploadBuffer.h">
      <Filter>头文件</Filter>
    </ClInclude>
    <ClInclude Include="FrameResource.h">
      <Filter>头文件</Filter>
    </ClInclude>
    <ClInclude Include="resource.h">
      <Filter>头文件</Filter>
    </ClInclude>
    <ClInclude Include="RenderItem.h">
      <Filter>头文件</Filter>
    </ClInclude>
    <ClInclude Include="GeometryGenerator.h">
      <Filter>头文件</Filter>
    </ClInclude>
    <ClInclude Include="Camera.h">
      <Filter>头文件</Filter>
    </ClInclude>
    <ClInclude Include="HandlerWndMsgProc.h">
      <Filter>头文件</Filter>
    </ClInclude>
    <ClInclude Include="Light.h">
      <Filter>头文件</Filter>
    </ClInclude>
    <ClInclude Include="Material.h">
      <Filter>头文件</Filter>
    </ClInclude>
    <ClInclude Include="Texture.h">
      <Filter>头文件</Filter>
    </ClInclude>
    <ClInclude Include="Geometry.h">
      <Filter>头文件</Filter>
    </ClInclude>
    <ClInclude Include="DxTools.h">
      <Filter>头文件</Filter>
    </ClInclude>
    <ClInclude Include="ShaderResource.h">
      <Filter>头文件</Filter>
    </ClInclude>
    <ClInclude Include="InstanceManager.h">
      <Filter>头文件</Filter>
    </ClInclude>
    <ClInclude Include="RenderResourceManager.h">
      <Filter>头文件</Filter>
    </ClInclude>
    <ClInclude Include="Render.h">
      <Filter>头文件</Filter>
    </ClInclude>
    <ClInclude Include="PipelineResourceManager.h">
      <Filter>头文件</Filter>
    </ClInclude>
    <ClInclude Include="GraphicsDeviceManager.h">
      <Filter>头文件</Filter>
    </ClInclude>
    <ClInclude Include="RenderSceneManager.h">
      <Filter>头文件</Filter>
    </ClInclude>
  </ItemGroup>
  <ItemGroup>
    <Image Include="..\Resources\Textures\brick_depth.dds">
      <Filter>Resources\Textures</Filter>
    </Image>
    <Image Include="..\Resources\Textures\brick_normal.dds">
      <Filter>Resources\Textures</Filter>
    </Image>
    <Image Include="..\Resources\Textures\bricks.dds">
      <Filter>Resources\Textures</Filter>
    </Image>
    <Image Include="..\Resources\Textures\default_depth.dds">
      <Filter>Resources\Textures</Filter>
    </Image>
    <Image Include="..\Resources\Textures\default_normal.dds">
      <Filter>Resources\Textures</Filter>
    </Image>
    <Image Include="..\Resources\Textures\floor.dds">
      <Filter>Resources\Textures</Filter>
    </Image>
    <Image Include="..\Resources\Textures\floor_depth.dds">
      <Filter>Resources\Textures</Filter>
    </Image>
    <Image Include="..\Resources\Textures\floor_normal.dds">
      <Filter>Resources\Textures</Filter>
    </Image>
    <Image Include="..\Resources\Textures\snow_skycube.dds">
      <Filter>Resources\Textures</Filter>
    </Image>
    <Image Include="..\Resources\Textures\stone.dds">
      <Filter>Resources\Textures</Filter>
    </Image>
    <Image Include="..\Resources\Textures\water.dds">
      <Filter>Resources\Textures</Filter>
    </Image>
    <Image Include="..\Resources\Textures\wave.dds">
      <Filter>Resources\Textures</Filter>
    </Image>
    <Image Include="..\Resources\Textures\wood.dds">
      <Filter>Resources\Textures</Filter>
    </Image>
    <Image Include="..\Resources\Icon\Render.ico">
      <Filter>资源文件</Filter>
    </Image>
  </ItemGroup>
  <ItemGroup>
    <FxCompile Include="..\Shaders\Basic.hlsl">
      <Filter>Shaders</Filter>
    </FxCompile>
    <FxCompile Include="..\Shaders\Fragment.hlsl">
      <Filter>Shaders</Filter>
    </FxCompile>
    <FxCompile Include="..\Shaders\Fragment_NPR.hlsl">
      <Filter>Shaders</Filter>
    </FxCompile>
    <FxCompile Include="..\Shaders\Light.hlsl">
      <Filter>Shaders</Filter>
    </FxCompile>
    <FxCompile Include="..\Shaders\Skycube.hlsl">
      <Filter>Shaders</Filter>
    </FxCompile>
    <FxCompile Include="..\Shaders\Vertex_AniWave.hlsl">
      <Filter>Shaders</Filter>
    </FxCompile>
    <FxCompile Include="..\Shaders\Vertex_Common.hlsl">
      <Filter>Shaders</Filter>
    </FxCompile>
  </ItemGroup>
  <ItemGroup>
    <Object Include="..\Resources\Models\Nailong.obj">
      <Filter>Resources\Models</Filter>
    </Object>
  </ItemGroup>
  <ItemGroup>
    <Text Include="..\Resources\Models\skull.txt">
      <Filter>Resources\Models</Filter>
    </Text>
  </ItemGroup>
  <ItemGroup>
    <ResourceCompile Include="Mayohoshi-Render.rc">
      <Filter>资源文件</Filter>
    </ResourceCompile>
  </ItemGroup>
</Project>